
Microsoft Visual Studio Solution File, Format Version 12.00
# Visual Studio 15
VisualStudioVersion = 15.0.26228.4
MinimumVisualStudioVersion = 10.0.40219.1
Project("{FAE04EC0-301F-11D3-BF4B-00C04F79EFBC}") = "DroneLander.Android", "DroneLander\DroneLander.Android\DroneLander.Android.csproj", "{8443F0B8-4E35-462E-BB78-08F99C804BC4}"
EndProject
Project("{FAE04EC0-301F-11D3-BF4B-00C04F79EFBC}") = "DroneLander", "DroneLander\DroneLander\DroneLander.csproj", "{83FD0E40-EEFF-489C-A512-818169E1BA88}"
EndProject
Project("{FAE04EC0-301F-11D3-BF4B-00C04F79EFBC}") = "DroneLander.iOS", "DroneLander\DroneLander.iOS\DroneLander.iOS.csproj", "{5EBD8097-41BE-4556-8908-09A84AE64859}"
EndProject
Global
	GlobalSection(SolutionConfigurationPlatforms) = preSolution
		Ad-Hoc|Any CPU = Ad-Hoc|Any CPU
		Ad-Hoc|iPhone = Ad-Hoc|iPhone
		Ad-Hoc|iPhoneSimulator = Ad-Hoc|iPhoneSimulator
		AppStore|Any CPU = AppStore|Any CPU
		AppStore|iPhone = AppStore|iPhone
		AppStore|iPhoneSimulator = AppStore|iPhoneSimulator
		Debug|Any CPU = Debug|Any CPU
		Debug|iPhone = Debug|iPhone
		Debug|iPhoneSimulator = Debug|iPhoneSimulator
		Release|Any CPU = Release|Any CPU
		Release|iPhone = Release|iPhone
		Release|iPhoneSimulator = Release|iPhoneSimulator
	EndGlobalSection
	GlobalSection(ProjectConfigurationPlatforms) = postSolution
		{8443F0B8-4E35-462E-BB78-08F99C804BC4}.Ad-Hoc|Any CPU.ActiveCfg = Release|Any CPU
		{8443F0B8-4E35-462E-BB78-08F99C804BC4}.Ad-Hoc|Any CPU.Build.0 = Release|Any CPU
		{8443F0B8-4E35-462E-BB78-08F99C804BC4}.Ad-Hoc|Any CPU.Deploy.0 = Release|Any CPU
		{8443F0B8-4E35-462E-BB78-08F99C804BC4}.Ad-Hoc|iPhone.ActiveCfg = Release|Any CPU
		{8443F0B8-4E35-462E-BB78-08F99C804BC4}.Ad-Hoc|iPhone.Build.0 = Release|Any CPU
		{8443F0B8-4E35-462E-BB78-08F99C804BC4}.Ad-Hoc|iPhone.Deploy.0 = Release|Any CPU
		{8443F0B8-4E35-462E-BB78-08F99C804BC4}.Ad-Hoc|iPhoneSimulator.ActiveCfg = Release|Any CPU
		{8443F0B8-4E35-462E-BB78-08F99C804BC4}.Ad-Hoc|iPhoneSimulator.Build.0 = Release|Any CPU
		{8443F0B8-4E35-462E-BB78-08F99C804BC4}.Ad-Hoc|iPhoneSimulator.Deploy.0 = Release|Any CPU
		{8443F0B8-4E35-462E-BB78-08F99C804BC4}.AppStore|Any CPU.ActiveCfg = Release|Any CPU
		{8443F0B8-4E35-462E-BB78-08F99C804BC4}.AppStore|Any CPU.Build.0 = Release|Any CPU
		{8443F0B8-4E35-462E-BB78-08F99C804BC4}.AppStore|Any CPU.Deploy.0 = Release|Any CPU
		{8443F0B8-4E35-462E-BB78-08F99C804BC4}.AppStore|iPhone.ActiveCfg = Release|Any CPU
		{8443F0B8-4E35-462E-BB78-08F99C804BC4}.AppStore|iPhone.Build.0 = Release|Any CPU
		{8443F0B8-4E35-462E-BB78-08F99C804BC4}.AppStore|iPhone.Deploy.0 = Release|Any CPU
		{8443F0B8-4E35-462E-BB78-08F99C804BC4}.AppStore|iPhoneSimulator.ActiveCfg = Release|Any CPU
		{8443F0B8-4E35-462E-BB78-08F99C804BC4}.AppStore|iPhoneSimulator.Build.0 = Release|Any CPU
		{8443F0B8-4E35-462E-BB78-08F99C804BC4}.AppStore|iPhoneSimulator.Deploy.0 = Release|Any CPU
		{8443F0B8-4E35-462E-BB78-08F99C804BC4}.Debug|Any CPU.ActiveCfg = Debug|Any CPU
		{8443F0B8-4E35-462E-BB78-08F99C804BC4}.Debug|Any CPU.Build.0 = Debug|Any CPU
		{8443F0B8-4E35-462E-BB78-08F99C804BC4}.Debug|Any CPU.Deploy.0 = Debug|Any CPU
		{8443F0B8-4E35-462E-BB78-08F99C804BC4}.Debug|iPhone.ActiveCfg = Debug|Any CPU
		{8443F0B8-4E35-462E-BB78-08F99C804BC4}.Debug|iPhone.Build.0 = Debug|Any CPU
		{8443F0B8-4E35-462E-BB78-08F99C804BC4}.Debug|iPhone.Deploy.0 = Debug|Any CPU
		{8443F0B8-4E35-462E-BB78-08F99C804BC4}.Debug|iPhoneSimulator.ActiveCfg = Debug|Any CPU
		{8443F0B8-4E35-462E-BB78-08F99C804BC4}.Debug|iPhoneSimulator.Build.0 = Debug|Any CPU
		{8443F0B8-4E35-462E-BB78-08F99C804BC4}.Debug|iPhoneSimulator.Deploy.0 = Debug|Any CPU
		{8443F0B8-4E35-462E-BB78-08F99C804BC4}.Release|Any CPU.ActiveCfg = Release|Any CPU
		{8443F0B8-4E35-462E-BB78-08F99C804BC4}.Release|Any CPU.Build.0 = Release|Any CPU
		{8443F0B8-4E35-462E-BB78-08F99C804BC4}.Release|Any CPU.Deploy.0 = Release|Any CPU
		{8443F0B8-4E35-462E-BB78-08F99C804BC4}.Release|iPhone.ActiveCfg = Release|Any CPU
		{8443F0B8-4E35-462E-BB78-08F99C804BC4}.Release|iPhone.Build.0 = Release|Any CPU
		{8443F0B8-4E35-462E-BB78-08F99C804BC4}.Release|iPhone.Deploy.0 = Release|Any CPU
		{8443F0B8-4E35-462E-BB78-08F99C804BC4}.Release|iPhoneSimulator.ActiveCfg = Release|Any CPU
		{8443F0B8-4E35-462E-BB78-08F99C804BC4}.Release|iPhoneSimulator.Build.0 = Release|Any CPU
		{8443F0B8-4E35-462E-BB78-08F99C804BC4}.Release|iPhoneSimulator.Deploy.0 = Release|Any CPU
		{83FD0E40-EEFF-489C-A512-818169E1BA88}.Ad-Hoc|Any CPU.ActiveCfg = Release|Any CPU
		{83FD0E40-EEFF-489C-A512-818169E1BA88}.Ad-Hoc|Any CPU.Build.0 = Release|Any CPU
		{83FD0E40-EEFF-489C-A512-818169E1BA88}.Ad-Hoc|iPhone.ActiveCfg = Release|Any CPU
		{83FD0E40-EEFF-489C-A512-818169E1BA88}.Ad-Hoc|iPhone.Build.0 = Release|Any CPU
		{83FD0E40-EEFF-489C-A512-818169E1BA88}.Ad-Hoc|iPhoneSimulator.ActiveCfg = Release|Any CPU
		{83FD0E40-EEFF-489C-A512-818169E1BA88}.Ad-Hoc|iPhoneSimulator.Build.0 = Release|Any CPU
		{83FD0E40-EEFF-489C-A512-818169E1BA88}.AppStore|Any CPU.ActiveCfg = Release|Any CPU
		{83FD0E40-EEFF-489C-A512-818169E1BA88}.AppStore|Any CPU.Build.0 = Release|Any CPU
		{83FD0E40-EEFF-489C-A512-818169E1BA88}.AppStore|iPhone.ActiveCfg = Release|Any CPU
		{83FD0E40-EEFF-489C-A512-818169E1BA88}.AppStore|iPhone.Build.0 = Release|Any CPU
		{83FD0E40-EEFF-489C-A512-818169E1BA88}.AppStore|iPhoneSimulator.ActiveCfg = Release|Any CPU
		{83FD0E40-EEFF-489C-A512-818169E1BA88}.AppStore|iPhoneSimulator.Build.0 = Release|Any CPU
		{83FD0E40-EEFF-489C-A512-818169E1BA88}.Debug|Any CPU.ActiveCfg = Debug|Any CPU
		{83FD0E40-EEFF-489C-A512-818169E1BA88}.Debug|Any CPU.Build.0 = Debug|Any CPU
		{83FD0E40-EEFF-489C-A512-818169E1BA88}.Debug|iPhone.ActiveCfg = Debug|Any CPU
		{83FD0E40-EEFF-489C-A512-818169E1BA88}.Debug|iPhone.Build.0 = Debug|Any CPU
		{83FD0E40-EEFF-489C-A512-818169E1BA88}.Debug|iPhoneSimulator.ActiveCfg = Debug|Any CPU
		{83FD0E40-EEFF-489C-A512-818169E1BA88}.Debug|iPhoneSimulator.Build.0 = Debug|Any CPU
		{83FD0E40-EEFF-489C-A512-818169E1BA88}.Release|Any CPU.ActiveCfg = Release|Any CPU
		{83FD0E40-EEFF-489C-A512-818169E1BA88}.Release|Any CPU.Build.0 = Release|Any CPU
		{83FD0E40-EEFF-489C-A512-818169E1BA88}.Release|iPhone.ActiveCfg = Release|Any CPU
		{83FD0E40-EEFF-489C-A512-818169E1BA88}.Release|iPhone.Build.0 = Release|Any CPU
		{83FD0E40-EEFF-489C-A512-818169E1BA88}.Release|iPhoneSimulator.ActiveCfg = Release|Any CPU
		{83FD0E40-EEFF-489C-A512-818169E1BA88}.Release|iPhoneSimulator.Build.0 = Release|Any CPU
		{5EBD8097-41BE-4556-8908-09A84AE64859}.Ad-Hoc|Any CPU.ActiveCfg = Ad-Hoc|iPhone
		{5EBD8097-41BE-4556-8908-09A84AE64859}.Ad-Hoc|iPhone.ActiveCfg = Ad-Hoc|iPhone
		{5EBD8097-41BE-4556-8908-09A84AE64859}.Ad-Hoc|iPhone.Build.0 = Ad-Hoc|iPhone
		{5EBD8097-41BE-4556-8908-09A84AE64859}.Ad-Hoc|iPhoneSimulator.ActiveCfg = Ad-Hoc|iPhoneSimulator
		{5EBD8097-41BE-4556-8908-09A84AE64859}.Ad-Hoc|iPhoneSimulator.Build.0 = Ad-Hoc|iPhoneSimulator
		{5EBD8097-41BE-4556-8908-09A84AE64859}.AppStore|Any CPU.ActiveCfg = AppStore|iPhone
		{5EBD8097-41BE-4556-8908-09A84AE64859}.AppStore|iPhone.ActiveCfg = AppStore|iPhone
		{5EBD8097-41BE-4556-8908-09A84AE64859}.AppStore|iPhone.Build.0 = AppStore|iPhone
		{5EBD8097-41BE-4556-8908-09A84AE64859}.AppStore|iPhoneSimulator.ActiveCfg = AppStore|iPhoneSimulator
		{5EBD8097-41BE-4556-8908-09A84AE64859}.AppStore|iPhoneSimulator.Build.0 = AppStore|iPhoneSimulator
		{5EBD8097-41BE-4556-8908-09A84AE64859}.Debug|Any CPU.ActiveCfg = Debug|iPhone
		{5EBD8097-41BE-4556-8908-09A84AE64859}.Debug|iPhone.ActiveCfg = Debug|iPhone
		{5EBD8097-41BE-4556-8908-09A84AE64859}.Debug|iPhone.Build.0 = Debug|iPhone
		{5EBD8097-41BE-4556-8908-09A84AE64859}.Debug|iPhoneSimulator.ActiveCfg = Debug|iPhoneSimulator
		{5EBD8097-41BE-4556-8908-09A84AE64859}.Debug|iPhoneSimulator.Build.0 = Debug|iPhoneSimulator
		{5EBD8097-41BE-4556-8908-09A84AE64859}.Release|Any CPU.ActiveCfg = Release|iPhone
		{5EBD8097-41BE-4556-8908-09A84AE64859}.Release|iPhone.ActiveCfg = Release|iPhone
		{5EBD8097-41BE-4556-8908-09A84AE64859}.Release|iPhone.Build.0 = Release|iPhone
		{5EBD8097-41BE-4556-8908-09A84AE64859}.Release|iPhoneSimulator.ActiveCfg = Release|iPhoneSimulator
		{5EBD8097-41BE-4556-8908-09A84AE64859}.Release|iPhoneSimulator.Build.0 = Release|iPhoneSimulator
	EndGlobalSection
	GlobalSection(SolutionProperties) = preSolution
		HideSolutionNode = FALSE
	EndGlobalSection
EndGlobal
